// !$*UTF8*$!
{
	archiveVersion = 1;
	classes = {};
	objectVersion = 56;
	objects = {

/* Begin PBXBuildFile section */
		A00001 = {isa = PBXBuildFile; fileRef = A00002; };
		A00003 = {isa = PBXBuildFile; fileRef = A00004; };
		A00005 = {isa = PBXBuildFile; fileRef = A00006; };
		A00007 = {isa = PBXBuildFile; fileRef = A00008; };
		A00009 = {isa = PBXBuildFile; fileRef = A00010; };
		A00011 = {isa = PBXBuildFile; fileRef = A00012; };
/* End PBXBuildFile section */

/* Begin PBXFileReference section */
		A00002 = {isa = PBXFileReference; lastKnownFileType = sourcecode.swift; path = ShadowBrokerIOSApp.swift; sourceTree = "<group>"; };
		A00004 = {isa = PBXFileReference; lastKnownFileType = sourcecode.swift; name = AircraftModels.swift; path = Models/AircraftModels.swift; sourceTree = "<group>"; };
		A00006 = {isa = PBXFileReference; lastKnownFileType = sourcecode.swift; name = AircraftMapView.swift; path = Views/AircraftMapView.swift; sourceTree = "<group>"; };
		A00008 = {isa = PBXFileReference; lastKnownFileType = sourcecode.swift; name = ContentView.swift; path = Views/ContentView.swift; sourceTree = "<group>"; };
		A00010 = {isa = PBXFileReference; lastKnownFileType = sourcecode.swift; name = AircraftViewModel.swift; path = ViewModels/AircraftViewModel.swift; sourceTree = "<group>"; };
		A00012 = {isa = PBXFileReference; lastKnownFileType = sourcecode.swift; name = ShadowBrokerAPIService.swift; path = Services/ShadowBrokerAPIService.swift; sourceTree = "<group>"; };
		A00014 = {isa = PBXFileReference; lastKnownFileType = text.plist.xml; path = Info.plist; sourceTree = "<group>"; };
		A00015 = {isa = PBXFileReference; lastKnownFileType = wrapper.pb-project; path = ShadowBrokerIOS.xcodeproj; sourceTree = SOURCE_ROOT; };
		A00016 = {isa = PBXFileReference; explicitFileType = wrapper.application; path = ShadowBrokerIOS.app; sourceTree = BUILT_PRODUCTS_DIR; };
/* End PBXFileReference section */

/* Begin PBXGroup section */
		A00017 = {
			isa = PBXGroup;
			children = (A00002, A00014, A00018, A00019, A00020, A00021);
			path = ShadowBrokerIOS;
			sourceTree = "<group>";
		};
		A00018 = {isa = PBXGroup; children = (A00004); name = Models; path = Models; sourceTree = "<group>"; };
		A00019 = {isa = PBXGroup; children = (A00006, A00008); name = Views; path = Views; sourceTree = "<group>"; };
		A00020 = {isa = PBXGroup; children = (A00010); name = ViewModels; path = ViewModels; sourceTree = "<group>"; };
		A00021 = {isa = PBXGroup; children = (A00012); name = Services; path = Services; sourceTree = "<group>"; };
		A00022 = {
			isa = PBXGroup;
			children = (A00016);
			name = Products;
			sourceTree = "<group>";
		};
		A00023 = {
			isa = PBXGroup;
			children = (A00015, A00017, A00022);
			sourceTree = "<group>";
		};
/* End PBXGroup section */

/* Begin PBXNativeTarget section */
		A00024 = {
			isa = PBXNativeTarget;
			buildConfigurationList = A00025;
			buildPhases = (A00026, A00027);
			buildRules = ();
			dependencies = ();
			name = ShadowBrokerIOS;
			productName = ShadowBrokerIOS;
			productReference = A00016;
			productType = "com.apple.product-type.application";
		};
/* End PBXNativeTarget section */

/* Begin PBXProject section */
		A00028 = {
			isa = PBXProject;
			attributes = { BuildIndependentTargetsInParallel = 1; LastSwiftUpdateCheck = 1620; LastUpgradeCheck = 1620; };
			buildConfigurationList = A00029;
			compatibilityVersion = "Xcode 14.0";
			developmentRegion = en;
			hasScannedForEncodings = 0;
			knownRegions = (en, Base);
			mainGroup = A00023;
			productRefGroup = A00023;
			projectDirPath = "";
			projectRoot = "";
			targets = (A00024);
		};
/* End PBXProject section */

/* Begin PBXResourcesBuildPhase section */
		A00027 = {
			isa = PBXResourcesBuildPhase;
			buildActionMask = 2147483647;
			files = ();
			runOnlyForDeploymentPostprocessing = 0;
		};
/* End PBXResourcesBuildPhase section */

/* Begin PBXSourcesBuildPhase section */
		A00026 = {
			isa = PBXSourcesBuildPhase;
			buildActionMask = 2147483647;
			files = (A00001, A00003, A00005, A00007, A00009, A00011);
			runOnlyForDeploymentPostprocessing = 0;
		};
/* End PBXSourcesBuildPhase section */

/* Begin XCBuildConfiguration section */
		A00030 = {
			isa = XCBuildConfiguration;
			buildSettings = {
				ASSETCATALOG_COMPILER_APPICON_NAME = AppIcon;
				CURRENT_PROJECT_VERSION = 1;
				DEBUG_INFORMATION_FORMAT = dwarf;
				ENABLE_PREVIEWS = YES;
				INFOPLIST_FILE = ShadowBrokerIOS/Info.plist;
				IPHONEOS_DEPLOYMENT_TARGET = 18.0;
				LD_RUNPATH_SEARCH_PATHS = "$(inherited) @executable_path/Frameworks";
				MARKETING_VERSION = 1.0;
				PRODUCT_BUNDLE_IDENTIFIER = com.shadowbroker.ios;
				PRODUCT_NAME = "$(TARGET_NAME)";
				SDKROOT = iphoneos;
				SUPPORTED_PLATFORMS = "iphoneos iphonesimulator";
				SWIFT_VERSION = 6.0;
				TARGETED_DEVICE_FAMILY = "1,2";
			};
			name = Debug;
		};
		A00031 = {
			isa = XCBuildConfiguration;
			buildSettings = {
				ASSETCATALOG_COMPILER_APPICON_NAME = AppIcon;
				CURRENT_PROJECT_VERSION = 1;
				DEBUG_INFORMATION_FORMAT = "dwarf-with-dsym";
				ENABLE_PREVIEWS = YES;
				INFOPLIST_FILE = ShadowBrokerIOS/Info.plist;
				IPHONEOS_DEPLOYMENT_TARGET = 18.0;
				LD_RUNPATH_SEARCH_PATHS = "$(inherited) @executable_path/Frameworks";
				MARKETING_VERSION = 1.0;
				PRODUCT_BUNDLE_IDENTIFIER = com.shadowbroker.ios;
				PRODUCT_NAME = "$(TARGET_NAME)";
				SDKROOT = iphoneos;
				SUPPORTED_PLATFORMS = "iphoneos iphonesimulator";
				SWIFT_VERSION = 6.0;
				TARGETED_DEVICE_FAMILY = "1,2";
			};
			name = Release;
		};
/* End XCBuildConfiguration section */

/* Begin XCConfigurationList section */
		A00025 = {
			isa = XCConfigurationList;
			buildConfigurations = (A00030, A00031);
			defaultConfigurationIsVisible = 0;
			defaultConfigurationName = Release;
		};
		A00029 = {
			isa = XCConfigurationList;
			buildConfigurations = (A00030, A00031);
			defaultConfigurationIsVisible = 0;
			defaultConfigurationName = Release;
		};
/* End XCConfigurationList section */

	};
	rootObject = A00028;
}
